
Microsoft Visual Studio Solution File, Format Version 12.00
# Visual Studio Version 17
VisualStudioVersion = 17.1.32421.90
MinimumVisualStudioVersion = 15.0.26124.0
Project("{00D1A9C2-B5F0-4AF3-8072-F6C62B433612}") = "SFA.DAS.Roatp.Database", "SFA.DAS.Roatp.Database\SFA.DAS.Roatp.Database.sqlproj", "{20495B80-9725-4529-92DD-DC9D5D442B40}"
EndProject
Project("{9A19103F-16F7-4668-BE54-9A1E7A4F7556}") = "SFA.DAS.Roatp.Data", "SFA.DAS.Roatp.Data\SFA.DAS.Roatp.Data.csproj", "{0CA74864-2B8D-4D0D-9573-D42DE1B9105D}"
EndProject
Project("{9A19103F-16F7-4668-BE54-9A1E7A4F7556}") = "SFA.DAS.Roatp.Domain", "SFA.DAS.Roatp.Domain\SFA.DAS.Roatp.Domain.csproj", "{04CCAB8E-A371-45AD-BE1F-C2A40DA94E4A}"
EndProject
Project("{9A19103F-16F7-4668-BE54-9A1E7A4F7556}") = "SFA.DAS.Roatp.Api", "SFA.DAS.Roatp.Api\SFA.DAS.Roatp.Api.csproj", "{B41A56D8-0A5E-4811-8E95-25E0BF64CAD3}"
EndProject
Project("{2150E333-8FDC-42A3-9474-1A3956D46DE8}") = "Tests", "Tests", "{7D495643-8728-4CF8-AFBD-C67579E09421}"
EndProject
Project("{9A19103F-16F7-4668-BE54-9A1E7A4F7556}") = "SFA.DAS.Roatp.Api.UnitTests", "SFA.DAS.Roatp.Api.UnitTests\SFA.DAS.Roatp.Api.UnitTests.csproj", "{7F310E70-5F1C-4B13-A59D-87983ED88EFB}"
EndProject
Project("{9A19103F-16F7-4668-BE54-9A1E7A4F7556}") = "SFA.DAS.Roatp.Messages", "SFA.DAS.Roatp.Messages\SFA.DAS.Roatp.Messages.csproj", "{BF1851FE-1D49-4E27-A7C1-75E40A36B21B}"
EndProject
Project("{9A19103F-16F7-4668-BE54-9A1E7A4F7556}") = "SFA.DAS.Roatp.Application", "SFA.DAS.Roatp.Application\SFA.DAS.Roatp.Application.csproj", "{E80F711D-7105-415D-9979-90F2E859D6BE}"
EndProject
Project("{9A19103F-16F7-4668-BE54-9A1E7A4F7556}") = "SFA.DAS.Roatp.Application.UnitTests", "SFA.DAS.Roatp.Application.UnitTests\SFA.DAS.Roatp.Application.UnitTests.csproj", "{972C2554-F8CA-43AB-891D-4EDE95FAAA58}"
EndProject
Project("{9A19103F-16F7-4668-BE54-9A1E7A4F7556}") = "SFA.DAS.Roatp.Jobs", "SFA.DAS.Roatp.Jobs\SFA.DAS.Roatp.Jobs.csproj", "{95A7B75B-CEBB-4CB1-BC94-DFD7BFD0DFF3}"
EndProject
Project("{9A19103F-16F7-4668-BE54-9A1E7A4F7556}") = "SFA.DAS.Roatp.Jobs.UnitTests", "SFA.DAS.Roatp.Jobs.UnitTests\SFA.DAS.Roatp.Jobs.UnitTests.csproj", "{B4CB23EE-8BD1-42BF-80F8-31BFCC79A9DF}"
EndProject
Project("{2150E333-8FDC-42A3-9474-1A3956D46DE8}") = "MockServer", "MockServer", "{6D340348-FD64-445E-A8E1-90B1ED679C5B}"
EndProject
Project("{9A19103F-16F7-4668-BE54-9A1E7A4F7556}") = "SFA.DAS.CourseManagement.OuterApi.MockServer", "SFA.DAS.CourseManagement.OuterApi.MockServer\SFA.DAS.CourseManagement.OuterApi.MockServer.csproj", "{10A95B46-A383-4C9A-84B7-9F94C9DBAC9A}"
EndProject
Project("{9A19103F-16F7-4668-BE54-9A1E7A4F7556}") = "SFA.DAS.Roatp.Domain.UnitTests", "SFA.DAS.Roatp.Domain.UnitTests\SFA.DAS.Roatp.Domain.UnitTests.csproj", "{3F119E8D-3748-4136-BD01-54E7FEBFB1DD}"
EndProject
Global
	GlobalSection(SolutionConfigurationPlatforms) = preSolution
		Debug|Any CPU = Debug|Any CPU
		Debug|x64 = Debug|x64
		Debug|x86 = Debug|x86
		Release|Any CPU = Release|Any CPU
		Release|x64 = Release|x64
		Release|x86 = Release|x86
	EndGlobalSection
	GlobalSection(ProjectConfigurationPlatforms) = postSolution
		{20495B80-9725-4529-92DD-DC9D5D442B40}.Debug|Any CPU.ActiveCfg = Debug|Any CPU
		{20495B80-9725-4529-92DD-DC9D5D442B40}.Debug|Any CPU.Build.0 = Debug|Any CPU
		{20495B80-9725-4529-92DD-DC9D5D442B40}.Debug|Any CPU.Deploy.0 = Debug|Any CPU
		{20495B80-9725-4529-92DD-DC9D5D442B40}.Debug|x64.ActiveCfg = Debug|Any CPU
		{20495B80-9725-4529-92DD-DC9D5D442B40}.Debug|x64.Build.0 = Debug|Any CPU
		{20495B80-9725-4529-92DD-DC9D5D442B40}.Debug|x64.Deploy.0 = Debug|Any CPU
		{20495B80-9725-4529-92DD-DC9D5D442B40}.Debug|x86.ActiveCfg = Debug|Any CPU
		{20495B80-9725-4529-92DD-DC9D5D442B40}.Debug|x86.Build.0 = Debug|Any CPU
		{20495B80-9725-4529-92DD-DC9D5D442B40}.Debug|x86.Deploy.0 = Debug|Any CPU
		{20495B80-9725-4529-92DD-DC9D5D442B40}.Release|Any CPU.ActiveCfg = Release|Any CPU
		{20495B80-9725-4529-92DD-DC9D5D442B40}.Release|Any CPU.Build.0 = Release|Any CPU
		{20495B80-9725-4529-92DD-DC9D5D442B40}.Release|Any CPU.Deploy.0 = Release|Any CPU
		{20495B80-9725-4529-92DD-DC9D5D442B40}.Release|x64.ActiveCfg = Release|Any CPU
		{20495B80-9725-4529-92DD-DC9D5D442B40}.Release|x64.Build.0 = Release|Any CPU
		{20495B80-9725-4529-92DD-DC9D5D442B40}.Release|x64.Deploy.0 = Release|Any CPU
		{20495B80-9725-4529-92DD-DC9D5D442B40}.Release|x86.ActiveCfg = Release|Any CPU
		{20495B80-9725-4529-92DD-DC9D5D442B40}.Release|x86.Build.0 = Release|Any CPU
		{20495B80-9725-4529-92DD-DC9D5D442B40}.Release|x86.Deploy.0 = Release|Any CPU
		{0CA74864-2B8D-4D0D-9573-D42DE1B9105D}.Debug|Any CPU.ActiveCfg = Debug|Any CPU
		{0CA74864-2B8D-4D0D-9573-D42DE1B9105D}.Debug|Any CPU.Build.0 = Debug|Any CPU
		{0CA74864-2B8D-4D0D-9573-D42DE1B9105D}.Debug|x64.ActiveCfg = Debug|Any CPU
		{0CA74864-2B8D-4D0D-9573-D42DE1B9105D}.Debug|x64.Build.0 = Debug|Any CPU
		{0CA74864-2B8D-4D0D-9573-D42DE1B9105D}.Debug|x86.ActiveCfg = Debug|Any CPU
		{0CA74864-2B8D-4D0D-9573-D42DE1B9105D}.Debug|x86.Build.0 = Debug|Any CPU
		{0CA74864-2B8D-4D0D-9573-D42DE1B9105D}.Release|Any CPU.ActiveCfg = Release|Any CPU
		{0CA74864-2B8D-4D0D-9573-D42DE1B9105D}.Release|Any CPU.Build.0 = Release|Any CPU
		{0CA74864-2B8D-4D0D-9573-D42DE1B9105D}.Release|x64.ActiveCfg = Release|Any CPU
		{0CA74864-2B8D-4D0D-9573-D42DE1B9105D}.Release|x64.Build.0 = Release|Any CPU
		{0CA74864-2B8D-4D0D-9573-D42DE1B9105D}.Release|x86.ActiveCfg = Release|Any CPU
		{0CA74864-2B8D-4D0D-9573-D42DE1B9105D}.Release|x86.Build.0 = Release|Any CPU
		{04CCAB8E-A371-45AD-BE1F-C2A40DA94E4A}.Debug|Any CPU.ActiveCfg = Debug|Any CPU
		{04CCAB8E-A371-45AD-BE1F-C2A40DA94E4A}.Debug|Any CPU.Build.0 = Debug|Any CPU
		{04CCAB8E-A371-45AD-BE1F-C2A40DA94E4A}.Debug|x64.ActiveCfg = Debug|Any CPU
		{04CCAB8E-A371-45AD-BE1F-C2A40DA94E4A}.Debug|x64.Build.0 = Debug|Any CPU
		{04CCAB8E-A371-45AD-BE1F-C2A40DA94E4A}.Debug|x86.ActiveCfg = Debug|Any CPU
		{04CCAB8E-A371-45AD-BE1F-C2A40DA94E4A}.Debug|x86.Build.0 = Debug|Any CPU
		{04CCAB8E-A371-45AD-BE1F-C2A40DA94E4A}.Release|Any CPU.ActiveCfg = Release|Any CPU
		{04CCAB8E-A371-45AD-BE1F-C2A40DA94E4A}.Release|Any CPU.Build.0 = Release|Any CPU
		{04CCAB8E-A371-45AD-BE1F-C2A40DA94E4A}.Release|x64.ActiveCfg = Release|Any CPU
		{04CCAB8E-A371-45AD-BE1F-C2A40DA94E4A}.Release|x64.Build.0 = Release|Any CPU
		{04CCAB8E-A371-45AD-BE1F-C2A40DA94E4A}.Release|x86.ActiveCfg = Release|Any CPU
		{04CCAB8E-A371-45AD-BE1F-C2A40DA94E4A}.Release|x86.Build.0 = Release|Any CPU
		{B41A56D8-0A5E-4811-8E95-25E0BF64CAD3}.Debug|Any CPU.ActiveCfg = Debug|Any CPU
		{B41A56D8-0A5E-4811-8E95-25E0BF64CAD3}.Debug|Any CPU.Build.0 = Debug|Any CPU
		{B41A56D8-0A5E-4811-8E95-25E0BF64CAD3}.Debug|x64.ActiveCfg = Debug|Any CPU
		{B41A56D8-0A5E-4811-8E95-25E0BF64CAD3}.Debug|x64.Build.0 = Debug|Any CPU
		{B41A56D8-0A5E-4811-8E95-25E0BF64CAD3}.Debug|x86.ActiveCfg = Debug|Any CPU
		{B41A56D8-0A5E-4811-8E95-25E0BF64CAD3}.Debug|x86.Build.0 = Debug|Any CPU
		{B41A56D8-0A5E-4811-8E95-25E0BF64CAD3}.Release|Any CPU.ActiveCfg = Release|Any CPU
		{B41A56D8-0A5E-4811-8E95-25E0BF64CAD3}.Release|Any CPU.Build.0 = Release|Any CPU
		{B41A56D8-0A5E-4811-8E95-25E0BF64CAD3}.Release|x64.ActiveCfg = Release|Any CPU
		{B41A56D8-0A5E-4811-8E95-25E0BF64CAD3}.Release|x64.Build.0 = Release|Any CPU
		{B41A56D8-0A5E-4811-8E95-25E0BF64CAD3}.Release|x86.ActiveCfg = Release|Any CPU
		{B41A56D8-0A5E-4811-8E95-25E0BF64CAD3}.Release|x86.Build.0 = Release|Any CPU
		{7F310E70-5F1C-4B13-A59D-87983ED88EFB}.Debug|Any CPU.ActiveCfg = Debug|Any CPU
		{7F310E70-5F1C-4B13-A59D-87983ED88EFB}.Debug|Any CPU.Build.0 = Debug|Any CPU
		{7F310E70-5F1C-4B13-A59D-87983ED88EFB}.Debug|x64.ActiveCfg = Debug|Any CPU
		{7F310E70-5F1C-4B13-A59D-87983ED88EFB}.Debug|x64.Build.0 = Debug|Any CPU
		{7F310E70-5F1C-4B13-A59D-87983ED88EFB}.Debug|x86.ActiveCfg = Debug|Any CPU
		{7F310E70-5F1C-4B13-A59D-87983ED88EFB}.Debug|x86.Build.0 = Debug|Any CPU
		{7F310E70-5F1C-4B13-A59D-87983ED88EFB}.Release|Any CPU.ActiveCfg = Release|Any CPU
		{7F310E70-5F1C-4B13-A59D-87983ED88EFB}.Release|Any CPU.Build.0 = Release|Any CPU
		{7F310E70-5F1C-4B13-A59D-87983ED88EFB}.Release|x64.ActiveCfg = Release|Any CPU
		{7F310E70-5F1C-4B13-A59D-87983ED88EFB}.Release|x64.Build.0 = Release|Any CPU
		{7F310E70-5F1C-4B13-A59D-87983ED88EFB}.Release|x86.ActiveCfg = Release|Any CPU
		{7F310E70-5F1C-4B13-A59D-87983ED88EFB}.Release|x86.Build.0 = Release|Any CPU
		{BF1851FE-1D49-4E27-A7C1-75E40A36B21B}.Debug|Any CPU.ActiveCfg = Debug|Any CPU
		{BF1851FE-1D49-4E27-A7C1-75E40A36B21B}.Debug|Any CPU.Build.0 = Debug|Any CPU
		{BF1851FE-1D49-4E27-A7C1-75E40A36B21B}.Debug|x64.ActiveCfg = Debug|Any CPU
		{BF1851FE-1D49-4E27-A7C1-75E40A36B21B}.Debug|x64.Build.0 = Debug|Any CPU
		{BF1851FE-1D49-4E27-A7C1-75E40A36B21B}.Debug|x86.ActiveCfg = Debug|Any CPU
		{BF1851FE-1D49-4E27-A7C1-75E40A36B21B}.Debug|x86.Build.0 = Debug|Any CPU
		{BF1851FE-1D49-4E27-A7C1-75E40A36B21B}.Release|Any CPU.ActiveCfg = Release|Any CPU
		{BF1851FE-1D49-4E27-A7C1-75E40A36B21B}.Release|Any CPU.Build.0 = Release|Any CPU
		{BF1851FE-1D49-4E27-A7C1-75E40A36B21B}.Release|x64.ActiveCfg = Release|Any CPU
		{BF1851FE-1D49-4E27-A7C1-75E40A36B21B}.Release|x64.Build.0 = Release|Any CPU
		{BF1851FE-1D49-4E27-A7C1-75E40A36B21B}.Release|x86.ActiveCfg = Release|Any CPU
		{BF1851FE-1D49-4E27-A7C1-75E40A36B21B}.Release|x86.Build.0 = Release|Any CPU
		{E80F711D-7105-415D-9979-90F2E859D6BE}.Debug|Any CPU.ActiveCfg = Debug|Any CPU
		{E80F711D-7105-415D-9979-90F2E859D6BE}.Debug|Any CPU.Build.0 = Debug|Any CPU
		{E80F711D-7105-415D-9979-90F2E859D6BE}.Debug|x64.ActiveCfg = Debug|Any CPU
		{E80F711D-7105-415D-9979-90F2E859D6BE}.Debug|x64.Build.0 = Debug|Any CPU
		{E80F711D-7105-415D-9979-90F2E859D6BE}.Debug|x86.ActiveCfg = Debug|Any CPU
		{E80F711D-7105-415D-9979-90F2E859D6BE}.Debug|x86.Build.0 = Debug|Any CPU
		{E80F711D-7105-415D-9979-90F2E859D6BE}.Release|Any CPU.ActiveCfg = Release|Any CPU
		{E80F711D-7105-415D-9979-90F2E859D6BE}.Release|Any CPU.Build.0 = Release|Any CPU
		{E80F711D-7105-415D-9979-90F2E859D6BE}.Release|x64.ActiveCfg = Release|Any CPU
		{E80F711D-7105-415D-9979-90F2E859D6BE}.Release|x64.Build.0 = Release|Any CPU
		{E80F711D-7105-415D-9979-90F2E859D6BE}.Release|x86.ActiveCfg = Release|Any CPU
		{E80F711D-7105-415D-9979-90F2E859D6BE}.Release|x86.Build.0 = Release|Any CPU
		{972C2554-F8CA-43AB-891D-4EDE95FAAA58}.Debug|Any CPU.ActiveCfg = Debug|Any CPU
		{972C2554-F8CA-43AB-891D-4EDE95FAAA58}.Debug|Any CPU.Build.0 = Debug|Any CPU
		{972C2554-F8CA-43AB-891D-4EDE95FAAA58}.Debug|x64.ActiveCfg = Debug|Any CPU
		{972C2554-F8CA-43AB-891D-4EDE95FAAA58}.Debug|x64.Build.0 = Debug|Any CPU
		{972C2554-F8CA-43AB-891D-4EDE95FAAA58}.Debug|x86.ActiveCfg = Debug|Any CPU
		{972C2554-F8CA-43AB-891D-4EDE95FAAA58}.Debug|x86.Build.0 = Debug|Any CPU
		{972C2554-F8CA-43AB-891D-4EDE95FAAA58}.Release|Any CPU.ActiveCfg = Release|Any CPU
		{972C2554-F8CA-43AB-891D-4EDE95FAAA58}.Release|Any CPU.Build.0 = Release|Any CPU
		{972C2554-F8CA-43AB-891D-4EDE95FAAA58}.Release|x64.ActiveCfg = Release|Any CPU
		{972C2554-F8CA-43AB-891D-4EDE95FAAA58}.Release|x64.Build.0 = Release|Any CPU
		{972C2554-F8CA-43AB-891D-4EDE95FAAA58}.Release|x86.ActiveCfg = Release|Any CPU
		{972C2554-F8CA-43AB-891D-4EDE95FAAA58}.Release|x86.Build.0 = Release|Any CPU
		{95A7B75B-CEBB-4CB1-BC94-DFD7BFD0DFF3}.Debug|Any CPU.ActiveCfg = Debug|Any CPU
		{95A7B75B-CEBB-4CB1-BC94-DFD7BFD0DFF3}.Debug|Any CPU.Build.0 = Debug|Any CPU
		{95A7B75B-CEBB-4CB1-BC94-DFD7BFD0DFF3}.Debug|x64.ActiveCfg = Debug|Any CPU
		{95A7B75B-CEBB-4CB1-BC94-DFD7BFD0DFF3}.Debug|x64.Build.0 = Debug|Any CPU
		{95A7B75B-CEBB-4CB1-BC94-DFD7BFD0DFF3}.Debug|x86.ActiveCfg = Debug|Any CPU
		{95A7B75B-CEBB-4CB1-BC94-DFD7BFD0DFF3}.Debug|x86.Build.0 = Debug|Any CPU
		{95A7B75B-CEBB-4CB1-BC94-DFD7BFD0DFF3}.Release|Any CPU.ActiveCfg = Release|Any CPU
		{95A7B75B-CEBB-4CB1-BC94-DFD7BFD0DFF3}.Release|Any CPU.Build.0 = Release|Any CPU
		{95A7B75B-CEBB-4CB1-BC94-DFD7BFD0DFF3}.Release|x64.ActiveCfg = Release|Any CPU
		{95A7B75B-CEBB-4CB1-BC94-DFD7BFD0DFF3}.Release|x64.Build.0 = Release|Any CPU
		{95A7B75B-CEBB-4CB1-BC94-DFD7BFD0DFF3}.Release|x86.ActiveCfg = Release|Any CPU
		{95A7B75B-CEBB-4CB1-BC94-DFD7BFD0DFF3}.Release|x86.Build.0 = Release|Any CPU
		{B4CB23EE-8BD1-42BF-80F8-31BFCC79A9DF}.Debug|Any CPU.ActiveCfg = Debug|Any CPU
		{B4CB23EE-8BD1-42BF-80F8-31BFCC79A9DF}.Debug|Any CPU.Build.0 = Debug|Any CPU
		{B4CB23EE-8BD1-42BF-80F8-31BFCC79A9DF}.Debug|x64.ActiveCfg = Debug|Any CPU
		{B4CB23EE-8BD1-42BF-80F8-31BFCC79A9DF}.Debug|x64.Build.0 = Debug|Any CPU
		{B4CB23EE-8BD1-42BF-80F8-31BFCC79A9DF}.Debug|x86.ActiveCfg = Debug|Any CPU
		{B4CB23EE-8BD1-42BF-80F8-31BFCC79A9DF}.Debug|x86.Build.0 = Debug|Any CPU
		{B4CB23EE-8BD1-42BF-80F8-31BFCC79A9DF}.Release|Any CPU.ActiveCfg = Release|Any CPU
		{B4CB23EE-8BD1-42BF-80F8-31BFCC79A9DF}.Release|Any CPU.Build.0 = Release|Any CPU
		{B4CB23EE-8BD1-42BF-80F8-31BFCC79A9DF}.Release|x64.ActiveCfg = Release|Any CPU
		{B4CB23EE-8BD1-42BF-80F8-31BFCC79A9DF}.Release|x64.Build.0 = Release|Any CPU
		{B4CB23EE-8BD1-42BF-80F8-31BFCC79A9DF}.Release|x86.ActiveCfg = Release|Any CPU
		{B4CB23EE-8BD1-42BF-80F8-31BFCC79A9DF}.Release|x86.Build.0 = Release|Any CPU
		{10A95B46-A383-4C9A-84B7-9F94C9DBAC9A}.Debug|Any CPU.ActiveCfg = Debug|Any CPU
		{10A95B46-A383-4C9A-84B7-9F94C9DBAC9A}.Debug|Any CPU.Build.0 = Debug|Any CPU
		{10A95B46-A383-4C9A-84B7-9F94C9DBAC9A}.Debug|x64.ActiveCfg = Debug|Any CPU
		{10A95B46-A383-4C9A-84B7-9F94C9DBAC9A}.Debug|x64.Build.0 = Debug|Any CPU
		{10A95B46-A383-4C9A-84B7-9F94C9DBAC9A}.Debug|x86.ActiveCfg = Debug|Any CPU
		{10A95B46-A383-4C9A-84B7-9F94C9DBAC9A}.Debug|x86.Build.0 = Debug|Any CPU
		{10A95B46-A383-4C9A-84B7-9F94C9DBAC9A}.Release|Any CPU.ActiveCfg = Release|Any CPU
		{10A95B46-A383-4C9A-84B7-9F94C9DBAC9A}.Release|Any CPU.Build.0 = Release|Any CPU
		{10A95B46-A383-4C9A-84B7-9F94C9DBAC9A}.Release|x64.ActiveCfg = Release|Any CPU
		{10A95B46-A383-4C9A-84B7-9F94C9DBAC9A}.Release|x64.Build.0 = Release|Any CPU
		{10A95B46-A383-4C9A-84B7-9F94C9DBAC9A}.Release|x86.ActiveCfg = Release|Any CPU
		{10A95B46-A383-4C9A-84B7-9F94C9DBAC9A}.Release|x86.Build.0 = Release|Any CPU
		{3F119E8D-3748-4136-BD01-54E7FEBFB1DD}.Debug|Any CPU.ActiveCfg = Debug|Any CPU
		{3F119E8D-3748-4136-BD01-54E7FEBFB1DD}.Debug|Any CPU.Build.0 = Debug|Any CPU
		{3F119E8D-3748-4136-BD01-54E7FEBFB1DD}.Debug|x64.ActiveCfg = Debug|Any CPU
		{3F119E8D-3748-4136-BD01-54E7FEBFB1DD}.Debug|x64.Build.0 = Debug|Any CPU
		{3F119E8D-3748-4136-BD01-54E7FEBFB1DD}.Debug|x86.ActiveCfg = Debug|Any CPU
		{3F119E8D-3748-4136-BD01-54E7FEBFB1DD}.Debug|x86.Build.0 = Debug|Any CPU
		{3F119E8D-3748-4136-BD01-54E7FEBFB1DD}.Release|Any CPU.ActiveCfg = Release|Any CPU
		{3F119E8D-3748-4136-BD01-54E7FEBFB1DD}.Release|Any CPU.Build.0 = Release|Any CPU
		{3F119E8D-3748-4136-BD01-54E7FEBFB1DD}.Release|x64.ActiveCfg = Release|Any CPU
		{3F119E8D-3748-4136-BD01-54E7FEBFB1DD}.Release|x64.Build.0 = Release|Any CPU
		{3F119E8D-3748-4136-BD01-54E7FEBFB1DD}.Release|x86.ActiveCfg = Release|Any CPU
		{3F119E8D-3748-4136-BD01-54E7FEBFB1DD}.Release|x86.Build.0 = Release|Any CPU
	EndGlobalSection
	GlobalSection(SolutionProperties) = preSolution
		HideSolutionNode = FALSE
	EndGlobalSection
	GlobalSection(NestedProjects) = preSolution
		{7F310E70-5F1C-4B13-A59D-87983ED88EFB} = {7D495643-8728-4CF8-AFBD-C67579E09421}
		{972C2554-F8CA-43AB-891D-4EDE95FAAA58} = {7D495643-8728-4CF8-AFBD-C67579E09421}
		{B4CB23EE-8BD1-42BF-80F8-31BFCC79A9DF} = {7D495643-8728-4CF8-AFBD-C67579E09421}
		{10A95B46-A383-4C9A-84B7-9F94C9DBAC9A} = {6D340348-FD64-445E-A8E1-90B1ED679C5B}
		{3F119E8D-3748-4136-BD01-54E7FEBFB1DD} = {7D495643-8728-4CF8-AFBD-C67579E09421}
	EndGlobalSection
	GlobalSection(ExtensibilityGlobals) = postSolution
		SolutionGuid = {777F5615-BFAB-498B-B529-C9D029F3C5FE}
	EndGlobalSection
EndGlobal
